
Microsoft Visual Studio Solution File, Format Version 12.00
# Visual Studio Version 17
VisualStudioVersion = 17.0.31717.71
MinimumVisualStudioVersion = 10.0.40219.1
Project("{8BC9CEB8-8B4A-11D0-8D11-00A0C91BC942}") = "SOMME", "SOMME\SOMME.vcxproj", "{18BC55E3-8084-4190-87A0-010B128F0338}"
EndProject
Project("{8BC9CEB8-8B4A-11D0-8D11-00A0C91BC942}") = "Test", "Test\Test.vcxproj", "{317C1B19-462A-4E29-AEF0-4A652EE4CD76}"
EndProject
Global
	GlobalSection(SolutionConfigurationPlatforms) = preSolution
		Debug|x64 = Debug|x64
		Debug|x86 = Debug|x86
		Release|x64 = Release|x64
		Release|x86 = Release|x86
	EndGlobalSection
	GlobalSection(ProjectConfigurationPlatforms) = postSolution
		{18BC55E3-8084-4190-87A0-010B128F0338}.Debug|x64.ActiveCfg = Debug|x64
		{18BC55E3-8084-4190-87A0-010B128F0338}.Debug|x64.Build.0 = Debug|x64
		{18BC55E3-8084-4190-87A0-010B128F0338}.Debug|x86.ActiveCfg = Debug|Win32
		{18BC55E3-8084-4190-87A0-010B128F0338}.Debug|x86.Build.0 = Debug|Win32
		{18BC55E3-8084-4190-87A0-010B128F0338}.Release|x64.ActiveCfg = Release|x64
		{18BC55E3-8084-4190-87A0-010B128F0338}.Release|x64.Build.0 = Release|x64
		{18BC55E3-8084-4190-87A0-010B128F0338}.Release|x86.ActiveCfg = Release|Win32
		{18BC55E3-8084-4190-87A0-010B128F0338}.Release|x86.Build.0 = Release|Win32
		{317C1B19-462A-4E29-AEF0-4A652EE4CD76}.Debug|x64.ActiveCfg = Debug|x64
		{317C1B19-462A-4E29-AEF0-4A652EE4CD76}.Debug|x64.Build.0 = Debug|x64
		{317C1B19-462A-4E29-AEF0-4A652EE4CD76}.Debug|x86.ActiveCfg = Debug|Win32
		{317C1B19-462A-4E29-AEF0-4A652EE4CD76}.Debug|x86.Build.0 = Debug|Win32
		{317C1B19-462A-4E29-AEF0-4A652EE4CD76}.Release|x64.ActiveCfg = Release|x64
		{317C1B19-462A-4E29-AEF0-4A652EE4CD76}.Release|x64.Build.0 = Release|x64
		{317C1B19-462A-4E29-AEF0-4A652EE4CD76}.Release|x86.ActiveCfg = Release|Win32
		{317C1B19-462A-4E29-AEF0-4A652EE4CD76}.Release|x86.Build.0 = Release|Win32
	EndGlobalSection
	GlobalSection(SolutionProperties) = preSolution
		HideSolutionNode = FALSE
	EndGlobalSection
	GlobalSection(ExtensibilityGlobals) = postSolution
		SolutionGuid = {DCC2D0EB-E92B-4C79-8E2F-A145E77F3E69}
	EndGlobalSection
EndGlobal
